// !$*UTF8*$!
{
	archiveVersion = 1;
	classes = {
	};
	objectVersion = 46;
	objects = {

/* Begin PBXBuildFile section */
		B20C383B1EFAD6BC00CE0F04 /* AppDelegate.swift in Sources */ = {isa = PBXBuildFile; fileRef = B20C383A1EFAD6BC00CE0F04 /* AppDelegate.swift */; };
		B20C383D1EFAD6BC00CE0F04 /* GameScene.sks in Resources */ = {isa = PBXBuildFile; fileRef = B20C383C1EFAD6BC00CE0F04 /* GameScene.sks */; };
		B20C383F1EFAD6BC00CE0F04 /* Actions.sks in Resources */ = {isa = PBXBuildFile; fileRef = B20C383E1EFAD6BC00CE0F04 /* Actions.sks */; };
		B20C38411EFAD6BC00CE0F04 /* GameScene.swift in Sources */ = {isa = PBXBuildFile; fileRef = B20C38401EFAD6BC00CE0F04 /* GameScene.swift */; };
		B20C38431EFAD6BC00CE0F04 /* GameViewController.swift in Sources */ = {isa = PBXBuildFile; fileRef = B20C38421EFAD6BC00CE0F04 /* GameViewController.swift */; };
		B20C38461EFAD6BC00CE0F04 /* Main.storyboard in Resources */ = {isa = PBXBuildFile; fileRef = B20C38441EFAD6BC00CE0F04 /* Main.storyboard */; };
		B20C38481EFAD6BC00CE0F04 /* Assets.xcassets in Resources */ = {isa = PBXBuildFile; fileRef = B20C38471EFAD6BC00CE0F04 /* Assets.xcassets */; };
		B20C384B1EFAD6BC00CE0F04 /* LaunchScreen.storyboard in Resources */ = {isa = PBXBuildFile; fileRef = B20C38491EFAD6BC00CE0F04 /* LaunchScreen.storyboard */; };
		B20C38561EFAD6BC00CE0F04 /* GameOfLifeTests.swift in Sources */ = {isa = PBXBuildFile; fileRef = B20C38551EFAD6BC00CE0F04 /* GameOfLifeTests.swift */; };
		B20C38611EFAD6BC00CE0F04 /* GameOfLifeUITests.swift in Sources */ = {isa = PBXBuildFile; fileRef = B20C38601EFAD6BC00CE0F04 /* GameOfLifeUITests.swift */; };
		B20C386F1EFAD81C00CE0F04 /* MSButtonNode.swift in Sources */ = {isa = PBXBuildFile; fileRef = B20C386E1EFAD81C00CE0F04 /* MSButtonNode.swift */; };
		B20C38711EFADD7A00CE0F04 /* Grid.swift in Sources */ = {isa = PBXBuildFile; fileRef = B20C38701EFADD7A00CE0F04 /* Grid.swift */; };
		B20C38731EFADEDF00CE0F04 /* Creature.swift in Sources */ = {isa = PBXBuildFile; fileRef = B20C38721EFADEDF00CE0F04 /* Creature.swift */; };
/* End PBXBuildFile section */

/* Begin PBXContainerItemProxy section */
		B20C38521EFAD6BC00CE0F04 /* PBXContainerItemProxy */ = {
			isa = PBXContainerItemProxy;
			containerPortal = B20C382F1EFAD6BC00CE0F04 /* Project object */;
			proxyType = 1;
			remoteGlobalIDString = B20C38361EFAD6BC00CE0F04;
			remoteInfo = GameOfLife;
		};
		B20C385D1EFAD6BC00CE0F04 /* PBXContainerItemProxy */ = {
			isa = PBXContainerItemProxy;
			containerPortal = B20C382F1EFAD6BC00CE0F04 /* Project object */;
			proxyType = 1;
			remoteGlobalIDString = B20C38361EFAD6BC00CE0F04;
			remoteInfo = GameOfLife;
		};
/* End PBXContainerItemProxy section */

/* Begin PBXFileReference section */
		B20C38371EFAD6BC00CE0F04 /* GameOfLife.app */ = {isa = PBXFileReference; explicitFileType = wrapper.application; includeInIndex = 0; path = GameOfLife.app; sourceTree = BUILT_PRODUCTS_DIR; };
		B20C383A1EFAD6BC00CE0F04 /* AppDelegate.swift */ = {isa = PBXFileReference; lastKnownFileType = sourcecode.swift; path = AppDelegate.swift; sourceTree = "<group>"; };
		B20C383C1EFAD6BC00CE0F04 /* GameScene.sks */ = {isa = PBXFileReference; lastKnownFileType = file.sks; path = GameScene.sks; sourceTree = "<group>"; };
		B20C383E1EFAD6BC00CE0F04 /* Actions.sks */ = {isa = PBXFileReference; lastKnownFileType = file.sks; path = Actions.sks; sourceTree = "<group>"; };
		B20C38401EFAD6BC00CE0F04 /* GameScene.swift */ = {isa = PBXFileReference; lastKnownFileType = sourcecode.swift; path = GameScene.swift; sourceTree = "<group>"; };
		B20C38421EFAD6BC00CE0F04 /* GameViewController.swift */ = {isa = PBXFileReference; lastKnownFileType = sourcecode.swift; path = GameViewController.swift; sourceTree = "<group>"; };
		B20C38451EFAD6BC00CE0F04 /* Base */ = {isa = PBXFileReference; lastKnownFileType = file.storyboard; name = Base; path = Base.lproj/Main.storyboard; sourceTree = "<group>"; };
		B20C38471EFAD6BC00CE0F04 /* Assets.xcassets */ = {isa = PBXFileReference; lastKnownFileType = folder.assetcatalog; path = Assets.xcassets; sourceTree = "<group>"; };
		B20C384A1EFAD6BC00CE0F04 /* Base */ = {isa = PBXFileReference; lastKnownFileType = file.storyboard; name = Base; path = Base.lproj/LaunchScreen.storyboard; sourceTree = "<group>"; };
		B20C384C1EFAD6BC00CE0F04 /* Info.plist */ = {isa = PBXFileReference; lastKnownFileType = text.plist.xml; path = Info.plist; sourceTree = "<group>"; };
		B20C38511EFAD6BC00CE0F04 /* GameOfLifeTests.xctest */ = {isa = PBXFileReference; explicitFileType = wrapper.cfbundle; includeInIndex = 0; path = GameOfLifeTests.xctest; sourceTree = BUILT_PRODUCTS_DIR; };
		B20C38551EFAD6BC00CE0F04 /* GameOfLifeTests.swift */ = {isa = PBXFileReference; lastKnownFileType = sourcecode.swift; path = GameOfLifeTests.swift; sourceTree = "<group>"; };
		B20C38571EFAD6BC00CE0F04 /* Info.plist */ = {isa = PBXFileReference; lastKnownFileType = text.plist.xml; path = Info.plist; sourceTree = "<group>"; };
		B20C385C1EFAD6BC00CE0F04 /* GameOfLifeUITests.xctest */ = {isa = PBXFileReference; explicitFileType = wrapper.cfbundle; includeInIndex = 0; path = GameOfLifeUITests.xctest; sourceTree = BUILT_PRODUCTS_DIR; };
		B20C38601EFAD6BC00CE0F04 /* GameOfLifeUITests.swift */ = {isa = PBXFileReference; lastKnownFileType = sourcecode.swift; path = GameOfLifeUITests.swift; sourceTree = "<group>"; };
		B20C38621EFAD6BC00CE0F04 /* Info.plist */ = {isa = PBXFileReference; lastKnownFileType = text.plist.xml; path = Info.plist; sourceTree = "<group>"; };
		B20C386E1EFAD81C00CE0F04 /* MSButtonNode.swift */ = {isa = PBXFileReference; fileEncoding = 4; lastKnownFileType = sourcecode.swift; path = MSButtonNode.swift; sourceTree = "<group>"; };
		B20C38701EFADD7A00CE0F04 /* Grid.swift */ = {isa = PBXFileReference; fileEncoding = 4; lastKnownFileType = sourcecode.swift; path = Grid.swift; sourceTree = "<group>"; };
		B20C38721EFADEDF00CE0F04 /* Creature.swift */ = {isa = PBXFileReference; fileEncoding = 4; lastKnownFileType = sourcecode.swift; path = Creature.swift; sourceTree = "<group>"; };
/* End PBXFileReference section */

/* Begin PBXFrameworksBuildPhase section */
		B20C38341EFAD6BC00CE0F04 /* Frameworks */ = {
			isa = PBXFrameworksBuildPhase;
			buildActionMask = 2147483647;
			files = (
			);
			runOnlyForDeploymentPostprocessing = 0;
		};
		B20C384E1EFAD6BC00CE0F04 /* Frameworks */ = {
			isa = PBXFrameworksBuildPhase;
			buildActionMask = 2147483647;
			files = (
			);
			runOnlyForDeploymentPostprocessing = 0;
		};
		B20C38591EFAD6BC00CE0F04 /* Frameworks */ = {
			isa = PBXFrameworksBuildPhase;
			buildActionMask = 2147483647;
			files = (
			);
			runOnlyForDeploymentPostprocessing = 0;
		};
/* End PBXFrameworksBuildPhase section */

/* Begin PBXGroup section */
		B20C382E1EFAD6BC00CE0F04 = {
			isa = PBXGroup;
			children = (
				B20C38391EFAD6BC00CE0F04 /* GameOfLife */,
				B20C38541EFAD6BC00CE0F04 /* GameOfLifeTests */,
				B20C385F1EFAD6BC00CE0F04 /* GameOfLifeUITests */,
				B20C38381EFAD6BC00CE0F04 /* Products */,
			);
			sourceTree = "<group>";
		};
		B20C38381EFAD6BC00CE0F04 /* Products */ = {
			isa = PBXGroup;
			children = (
				B20C38371EFAD6BC00CE0F04 /* GameOfLife.app */,
				B20C38511EFAD6BC00CE0F04 /* GameOfLifeTests.xctest */,
				B20C385C1EFAD6BC00CE0F04 /* GameOfLifeUITests.xctest */,
			);
			name = Products;
			sourceTree = "<group>";
		};
		B20C38391EFAD6BC00CE0F04 /* GameOfLife */ = {
			isa = PBXGroup;
			children = (
				B20C383A1EFAD6BC00CE0F04 /* AppDelegate.swift */,
				B20C383C1EFAD6BC00CE0F04 /* GameScene.sks */,
				B20C383E1EFAD6BC00CE0F04 /* Actions.sks */,
				B20C38401EFAD6BC00CE0F04 /* GameScene.swift */,
				B20C38701EFADD7A00CE0F04 /* Grid.swift */,
				B20C38721EFADEDF00CE0F04 /* Creature.swift */,
				B20C38421EFAD6BC00CE0F04 /* GameViewController.swift */,
				B20C386E1EFAD81C00CE0F04 /* MSButtonNode.swift */,
				B20C38441EFAD6BC00CE0F04 /* Main.storyboard */,
				B20C38471EFAD6BC00CE0F04 /* Assets.xcassets */,
				B20C38491EFAD6BC00CE0F04 /* LaunchScreen.storyboard */,
				B20C384C1EFAD6BC00CE0F04 /* Info.plist */,
			);
			path = GameOfLife;
			sourceTree = "<group>";
		};
		B20C38541EFAD6BC00CE0F04 /* GameOfLifeTests */ = {
			isa = PBXGroup;
			children = (
				B20C38551EFAD6BC00CE0F04 /* GameOfLifeTests.swift */,
				B20C38571EFAD6BC00CE0F04 /* Info.plist */,
			);
			path = GameOfLifeTests;
			sourceTree = "<group>";
		};
		B20C385F1EFAD6BC00CE0F04 /* GameOfLifeUITests */ = {
			isa = PBXGroup;
			children = (
				B20C38601EFAD6BC00CE0F04 /* GameOfLifeUITests.swift */,
				B20C38621EFAD6BC00CE0F04 /* Info.plist */,
			);
			path = GameOfLifeUITests;
			sourceTree = "<group>";
		};
/* End PBXGroup section */

/* Begin PBXNativeTarget section */
		B20C38361EFAD6BC00CE0F04 /* GameOfLife */ = {
			isa = PBXNativeTarget;
			buildConfigurationList = B20C38651EFAD6BC00CE0F04 /* Build configuration list for PBXNativeTarget "GameOfLife" */;
			buildPhases = (
				B20C38331EFAD6BC00CE0F04 /* Sources */,
				B20C38341EFAD6BC00CE0F04 /* Frameworks */,
				B20C38351EFAD6BC00CE0F04 /* Resources */,
			);
			buildRules = (
			);
			dependencies = (
			);
			name = GameOfLife;
			productName = GameOfLife;
			productReference = B20C38371EFAD6BC00CE0F04 /* GameOfLife.app */;
			productType = "com.apple.product-type.application";
		};
		B20C38501EFAD6BC00CE0F04 /* GameOfLifeTests */ = {
			isa = PBXNativeTarget;
			buildConfigurationList = B20C38681EFAD6BC00CE0F04 /* Build configuration list for PBXNativeTarget "GameOfLifeTests" */;
			buildPhases = (
				B20C384D1EFAD6BC00CE0F04 /* Sources */,
				B20C384E1EFAD6BC00CE0F04 /* Frameworks */,
				B20C384F1EFAD6BC00CE0F04 /* Resources */,
			);
			buildRules = (
			);
			dependencies = (
				B20C38531EFAD6BC00CE0F04 /* PBXTargetDependency */,
			);
			name = GameOfLifeTests;
			productName = GameOfLifeTests;
			productReference = B20C38511EFAD6BC00CE0F04 /* GameOfLifeTests.xctest */;
			productType = "com.apple.product-type.bundle.unit-test";
		};
		B20C385B1EFAD6BC00CE0F04 /* GameOfLifeUITests */ = {
			isa = PBXNativeTarget;
			buildConfigurationList = B20C386B1EFAD6BC00CE0F04 /* Build configuration list for PBXNativeTarget "GameOfLifeUITests" */;
			buildPhases = (
				B20C38581EFAD6BC00CE0F04 /* Sources */,
				B20C38591EFAD6BC00CE0F04 /* Frameworks */,
				B20C385A1EFAD6BC00CE0F04 /* Resources */,
			);
			buildRules = (
			);
			dependencies = (
				B20C385E1EFAD6BC00CE0F04 /* PBXTargetDependency */,
			);
			name = GameOfLifeUITests;
			productName = GameOfLifeUITests;
			productReference = B20C385C1EFAD6BC00CE0F04 /* GameOfLifeUITests.xctest */;
			productType = "com.apple.product-type.bundle.ui-testing";
		};
/* End PBXNativeTarget section */

/* Begin PBXProject section */
		B20C382F1EFAD6BC00CE0F04 /* Project object */ = {
			isa = PBXProject;
			attributes = {
				LastSwiftUpdateCheck = 0830;
				LastUpgradeCheck = 0830;
				ORGANIZATIONNAME = "Aniruddha Madhusudan";
				TargetAttributes = {
					B20C38361EFAD6BC00CE0F04 = {
						CreatedOnToolsVersion = 8.3.3;
						ProvisioningStyle = Automatic;
					};
					B20C38501EFAD6BC00CE0F04 = {
						CreatedOnToolsVersion = 8.3.3;
						ProvisioningStyle = Automatic;
						TestTargetID = B20C38361EFAD6BC00CE0F04;
					};
					B20C385B1EFAD6BC00CE0F04 = {
						CreatedOnToolsVersion = 8.3.3;
						ProvisioningStyle = Automatic;
						TestTargetID = B20C38361EFAD6BC00CE0F04;
					};
				};
			};
			buildConfigurationList = B20C38321EFAD6BC00CE0F04 /* Build configuration list for PBXProject "GameOfLife" */;
			compatibilityVersion = "Xcode 3.2";
			developmentRegion = English;
			hasScannedForEncodings = 0;
			knownRegions = (
				en,
				Base,
			);
			mainGroup = B20C382E1EFAD6BC00CE0F04;
			productRefGroup = B20C38381EFAD6BC00CE0F04 /* Products */;
			projectDirPath = "";
			projectRoot = "";
			targets = (
				B20C38361EFAD6BC00CE0F04 /* GameOfLife */,
				B20C38501EFAD6BC00CE0F04 /* GameOfLifeTests */,
				B20C385B1EFAD6BC00CE0F04 /* GameOfLifeUITests */,
			);
		};
/* End PBXProject section */

/* Begin PBXResourcesBuildPhase section */
		B20C38351EFAD6BC00CE0F04 /* Resources */ = {
			isa = PBXResourcesBuildPhase;
			buildActionMask = 2147483647;
			files = (
				B20C38461EFAD6BC00CE0F04 /* Main.storyboard in Resources */,
				B20C383D1EFAD6BC00CE0F04 /* GameScene.sks in Resources */,
				B20C38481EFAD6BC00CE0F04 /* Assets.xcassets in Resources */,
				B20C384B1EFAD6BC00CE0F04 /* LaunchScreen.storyboard in Resources */,
				B20C383F1EFAD6BC00CE0F04 /* Actions.sks in Resources */,
			);
			runOnlyForDeploymentPostprocessing = 0;
		};
		B20C384F1EFAD6BC00CE0F04 /* Resources */ = {
			isa = PBXResourcesBuildPhase;
			buildActionMask = 2147483647;
			files = (
			);
			runOnlyForDeploymentPostprocessing = 0;
		};
		B20C385A1EFAD6BC00CE0F04 /* Resources */ = {
			isa = PBXResourcesBuildPhase;
			buildActionMask = 2147483647;
			files = (
			);
			runOnlyForDeploymentPostprocessing = 0;
		};
/* End PBXResourcesBuildPhase section */

/* Begin PBXSourcesBuildPhase section */
		B20C38331EFAD6BC00CE0F04 /* Sources */ = {
			isa = PBXSourcesBuildPhase;
			buildActionMask = 2147483647;
			files = (
				B20C38411EFAD6BC00CE0F04 /* GameScene.swift in Sources */,
				B20C38431EFAD6BC00CE0F04 /* GameViewController.swift in Sources */,
				B20C38731EFADEDF00CE0F04 /* Creature.swift in Sources */,
				B20C383B1EFAD6BC00CE0F04 /* AppDelegate.swift in Sources */,
				B20C38711EFADD7A00CE0F04 /* Grid.swift in Sources */,
				B20C386F1EFAD81C00CE0F04 /* MSButtonNode.swift in Sources */,
			);
			runOnlyForDeploymentPostprocessing = 0;
		};
		B20C384D1EFAD6BC00CE0F04 /* Sources */ = {
			isa = PBXSourcesBuildPhase;
			buildActionMask = 2147483647;
			files = (
				B20C38561EFAD6BC00CE0F04 /* GameOfLifeTests.swift in Sources */,
			);
			runOnlyForDeploymentPostprocessing = 0;
		};
		B20C38581EFAD6BC00CE0F04 /* Sources */ = {
			isa = PBXSourcesBuildPhase;
			buildActionMask = 2147483647;
			files = (
				B20C38611EFAD6BC00CE0F04 /* GameOfLifeUITests.swift in Sources */,
			);
			runOnlyForDeploymentPostprocessing = 0;
		};
/* End PBXSourcesBuildPhase section */

/* Begin PBXTargetDependency section */
		B20C38531EFAD6BC00CE0F04 /* PBXTargetDependency */ = {
			isa = PBXTargetDependency;
			target = B20C38361EFAD6BC00CE0F04 /* GameOfLife */;
			targetProxy = B20C38521EFAD6BC00CE0F04 /* PBXContainerItemProxy */;
		};
		B20C385E1EFAD6BC00CE0F04 /* PBXTargetDependency */ = {
			isa = PBXTargetDependency;
			target = B20C38361EFAD6BC00CE0F04 /* GameOfLife */;
			targetProxy = B20C385D1EFAD6BC00CE0F04 /* PBXContainerItemProxy */;
		};
/* End PBXTargetDependency section */

/* Begin PBXVariantGroup section */
		B20C38441EFAD6BC00CE0F04 /* Main.storyboard */ = {
			isa = PBXVariantGroup;
			children = (
				B20C38451EFAD6BC00CE0F04 /* Base */,
			);
			name = Main.storyboard;
			sourceTree = "<group>";
		};
		B20C38491EFAD6BC00CE0F04 /* LaunchScreen.storyboard */ = {
			isa = PBXVariantGroup;
			children = (
				B20C384A1EFAD6BC00CE0F04 /* Base */,
			);
			name = LaunchScreen.storyboard;
			sourceTree = "<group>";
		};
/* End PBXVariantGroup section */

/* Begin XCBuildConfiguration section */
		B20C38631EFAD6BC00CE0F04 /* Debug */ = {
			isa = XCBuildConfiguration;
			buildSettings = {
				ALWAYS_SEARCH_USER_PATHS = NO;
				CLANG_ANALYZER_NONNULL = YES;
				CLANG_ANALYZER_NUMBER_OBJECT_CONVERSION = YES_AGGRESSIVE;
				CLANG_CXX_LANGUAGE_STANDARD = "gnu++0x";
				CLANG_CXX_LIBRARY = "libc++";
				CLANG_ENABLE_MODULES = YES;
				CLANG_ENABLE_OBJC_ARC = YES;
				CLANG_WARN_BOOL_CONVERSION = YES;
				CLANG_WARN_CONSTANT_CONVERSION = YES;
				CLANG_WARN_DIRECT_OBJC_ISA_USAGE = YES_ERROR;
				CLANG_WARN_DOCUMENTATION_COMMENTS = YES;
				CLANG_WARN_EMPTY_BODY = YES;
				CLANG_WARN_ENUM_CONVERSION = YES;
				CLANG_WARN_INFINITE_RECURSION = YES;
				CLANG_WARN_INT_CONVERSION = YES;
				CLANG_WARN_OBJC_ROOT_CLASS = YES_ERROR;
				CLANG_WARN_SUSPICIOUS_MOVE = YES;
				CLANG_WARN_UNREACHABLE_CODE = YES;
				CLANG_WARN__DUPLICATE_METHOD_MATCH = YES;
				"CODE_SIGN_IDENTITY[sdk=iphoneos*]" = "iPhone Developer";
				COPY_PHASE_STRIP = NO;
				DEBUG_INFORMATION_FORMAT = dwarf;
				ENABLE_STRICT_OBJC_MSGSEND = YES;
				ENABLE_TESTABILITY = YES;
				GCC_C_LANGUAGE_STANDARD = gnu99;
				GCC_DYNAMIC_NO_PIC = NO;
				GCC_NO_COMMON_BLOCKS = YES;
				GCC_OPTIMIZATION_LEVEL = 0;
				GCC_PREPROCESSOR_DEFINITIONS = (
					"DEBUG=1",
					"$(inherited)",
				);
				GCC_WARN_64_TO_32_BIT_CONVERSION = YES;
				GCC_WARN_ABOUT_RETURN_TYPE = YES_ERROR;
				GCC_WARN_UNDECLARED_SELECTOR = YES;
				GCC_WARN_UNINITIALIZED_AUTOS = YES_AGGRESSIVE;
				GCC_WARN_UNUSED_FUNCTION = YES;
				GCC_WARN_UNUSED_VARIABLE = YES;
				IPHONEOS_DEPLOYMENT_TARGET = 10.3;
				MTL_ENABLE_DEBUG_INFO = YES;
				ONLY_ACTIVE_ARCH = YES;
				SDKROOT = iphoneos;
				SWIFT_ACTIVE_COMPILATION_CONDITIONS = DEBUG;
				SWIFT_OPTIMIZATION_LEVEL = "-Onone";
				TARGETED_DEVICE_FAMILY = "1,2";
			};
			name = Debug;
		};
		B20C38641EFAD6BC00CE0F04 /* Release */ = {
			isa = XCBuildConfiguration;
			buildSettings = {
				ALWAYS_SEARCH_USER_PATHS = NO;
				CLANG_ANALYZER_NONNULL = YES;
				CLANG_ANALYZER_NUMBER_OBJECT_CONVERSION = YES_AGGRESSIVE;
				CLANG_CXX_LANGUAGE_STANDARD = "gnu++0x";
				CLANG_CXX_LIBRARY = "libc++";
				CLANG_ENABLE_MODULES = YES;
				CLANG_ENABLE_OBJC_ARC = YES;
				CLANG_WARN_BOOL_CONVERSION = YES;
				CLANG_WARN_CONSTANT_CONVERSION = YES;
				CLANG_WARN_DIRECT_OBJC_ISA_USAGE = YES_ERROR;
				CLANG_WARN_DOCUMENTATION_COMMENTS = YES;
				CLANG_WARN_EMPTY_BODY = YES;
				CLANG_WARN_ENUM_CONVERSION = YES;
				CLANG_WARN_INFINITE_RECURSION = YES;
				CLANG_WARN_INT_CONVERSION = YES;
				CLANG_WARN_OBJC_ROOT_CLASS = YES_ERROR;
				CLANG_WARN_SUSPICIOUS_MOVE = YES;
				CLANG_WARN_UNREACHABLE_CODE = YES;
				CLANG_WARN__DUPLICATE_METHOD_MATCH = YES;
				"CODE_SIGN_IDENTITY[sdk=iphoneos*]" = "iPhone Developer";
				COPY_PHASE_STRIP = NO;
				DEBUG_INFORMATION_FORMAT = "dwarf-with-dsym";
				ENABLE_NS_ASSERTIONS = NO;
				ENABLE_STRICT_OBJC_MSGSEND = YES;
				GCC_C_LANGUAGE_STANDARD = gnu99;
				GCC_NO_COMMON_BLOCKS = YES;
				GCC_WARN_64_TO_32_BIT_CONVERSION = YES;
				GCC_WARN_ABOUT_RETURN_TYPE = YES_ERROR;
				GCC_WARN_UNDECLARED_SELECTOR = YES;
				GCC_WARN_UNINITIALIZED_AUTOS = YES_AGGRESSIVE;
				GCC_WARN_UNUSED_FUNCTION = YES;
				GCC_WARN_UNUSED_VARIABLE = YES;
				IPHONEOS_DEPLOYMENT_TARGET = 10.3;
				MTL_ENABLE_DEBUG_INFO = NO;
				SDKROOT = iphoneos;
				SWIFT_OPTIMIZATION_LEVEL = "-Owholemodule";
				TARGETED_DEVICE_FAMILY = "1,2";
				VALIDATE_PRODUCT = YES;
			};
			name = Release;
		};
		B20C38661EFAD6BC00CE0F04 /* Debug */ = {
			isa = XCBuildConfiguration;
			buildSettings = {
				ASSETCATALOG_COMPILER_APPICON_NAME = AppIcon;
				INFOPLIST_FILE = GameOfLife/Info.plist;
				LD_RUNPATH_SEARCH_PATHS = "$(inherited) @executable_path/Frameworks";
				PRODUCT_BUNDLE_IDENTIFIER = RKT.GameOfLife;
				PRODUCT_NAME = "$(TARGET_NAME)";
				SWIFT_VERSION = 3.0;
			};
			name = Debug;
		};
		B20C38671EFAD6BC00CE0F04 /* Release */ = {
			isa = XCBuildConfiguration;
			buildSettings = {
				ASSETCATALOG_COMPILER_APPICON_NAME = AppIcon;
				INFOPLIST_FILE = GameOfLife/Info.plist;
				LD_RUNPATH_SEARCH_PATHS = "$(inherited) @executable_path/Frameworks";
				PRODUCT_BUNDLE_IDENTIFIER = RKT.GameOfLife;
				PRODUCT_NAME = "$(TARGET_NAME)";
				SWIFT_VERSION = 3.0;
			};
			name = Release;
		};
		B20C38691EFAD6BC00CE0F04 /* Debug */ = {
			isa = XCBuildConfiguration;
			buildSettings = {
				ALWAYS_EMBED_SWIFT_STANDARD_LIBRARIES = YES;
				BUNDLE_LOADER = "$(TEST_HOST)";
				INFOPLIST_FILE = GameOfLifeTests/Info.plist;
				LD_RUNPATH_SEARCH_PATHS = "$(inherited) @executable_path/Frameworks @loader_path/Frameworks";
				PRODUCT_BUNDLE_IDENTIFIER = RKT.GameOfLifeTests;
				PRODUCT_NAME = "$(TARGET_NAME)";
				SWIFT_VERSION = 3.0;
				TEST_HOST = "$(BUILT_PRODUCTS_DIR)/GameOfLife.app/GameOfLife";
			};
			name = Debug;
		};
		B20C386A1EFAD6BC00CE0F04 /* Release */ = {
			isa = XCBuildConfiguration;
			buildSettings = {
				ALWAYS_EMBED_SWIFT_STANDARD_LIBRARIES = YES;
				BUNDLE_LOADER = "$(TEST_HOST)";
				INFOPLIST_FILE = GameOfLifeTests/Info.plist;
				LD_RUNPATH_SEARCH_PATHS = "$(inherited) @executable_path/Frameworks @loader_path/Frameworks";
				PRODUCT_BUNDLE_IDENTIFIER = RKT.GameOfLifeTests;
				PRODUCT_NAME = "$(TARGET_NAME)";
				SWIFT_VERSION = 3.0;
				TEST_HOST = "$(BUILT_PRODUCTS_DIR)/GameOfLife.app/GameOfLife";
			};
			name = Release;
		};
		B20C386C1EFAD6BC00CE0F04 /* Debug */ = {
			isa = XCBuildConfiguration;
			buildSettings = {
				ALWAYS_EMBED_SWIFT_STANDARD_LIBRARIES = YES;
				INFOPLIST_FILE = GameOfLifeUITests/Info.plist;
				LD_RUNPATH_SEARCH_PATHS = "$(inherited) @executable_path/Frameworks @loader_path/Frameworks";
				PRODUCT_BUNDLE_IDENTIFIER = RKT.GameOfLifeUITests;
				PRODUCT_NAME = "$(TARGET_NAME)";
				SWIFT_VERSION = 3.0;
				TEST_TARGET_NAME = GameOfLife;
			};
			name = Debug;
		};
		B20C386D1EFAD6BC00CE0F04 /* Release */ = {
			isa = XCBuildConfiguration;
			buildSettings = {
				ALWAYS_EMBED_SWIFT_STANDARD_LIBRARIES = YES;
				INFOPLIST_FILE = GameOfLifeUITests/Info.plist;
				LD_RUNPATH_SEARCH_PATHS = "$(inherited) @executable_path/Frameworks @loader_path/Frameworks";
				PRODUCT_BUNDLE_IDENTIFIER = RKT.GameOfLifeUITests;
				PRODUCT_NAME = "$(TARGET_NAME)";
				SWIFT_VERSION = 3.0;
				TEST_TARGET_NAME = GameOfLife;
			};
			name = Release;
		};
/* End XCBuildConfiguration section */

/* Begin XCConfigurationList section */
		B20C38321EFAD6BC00CE0F04 /* Build configuration list for PBXProject "GameOfLife" */ = {
			isa = XCConfigurationList;
			buildConfigurations = (
				B20C38631EFAD6BC00CE0F04 /* Debug */,
				B20C38641EFAD6BC00CE0F04 /* Release */,
			);
			defaultConfigurationIsVisible = 0;
			defaultConfigurationName = Release;
		};
		B20C38651EFAD6BC00CE0F04 /* Build configuration list for PBXNativeTarget "GameOfLife" */ = {
			isa = XCConfigurationList;
			buildConfigurations = (
				B20C38661EFAD6BC00CE0F04 /* Debug */,
				B20C38671EFAD6BC00CE0F04 /* Release */,
			);
			defaultConfigurationIsVisible = 0;
		};
		B20C38681EFAD6BC00CE0F04 /* Build configuration list for PBXNativeTarget "GameOfLifeTests" */ = {
			isa = XCConfigurationList;
			buildConfigurations = (
				B20C38691EFAD6BC00CE0F04 /* Debug */,
				B20C386A1EFAD6BC00CE0F04 /* Release */,
			);
			defaultConfigurationIsVisible = 0;
		};
		B20C386B1EFAD6BC00CE0F04 /* Build configuration list for PBXNativeTarget "GameOfLifeUITests" */ = {
			isa = XCConfigurationList;
			buildConfigurations = (
				B20C386C1EFAD6BC00CE0F04 /* Debug */,
				B20C386D1EFAD6BC00CE0F04 /* Release */,
			);
			defaultConfigurationIsVisible = 0;
		};
/* End XCConfigurationList section */
	};
	rootObject = B20C382F1EFAD6BC00CE0F04 /* Project object */;
}
